
Microsoft Visual Studio Solution File, Format Version 12.00
# Visual Studio Version 17
VisualStudioVersion = 17.0.31903.59
MinimumVisualStudioVersion = 10.0.40219.1
Project("{2150E333-8FDC-42A3-9474-1A3956D46DE8}") = "src", "src", "{827E0CD3-B72D-47B6-A68D-7590B98EB39B}"
EndProject
Project("{FAE04EC0-301F-11D3-BF4B-00C04F79EFBC}") = "Yuggenda.Api", "src\Yuggenda.Api\Yuggenda.Api.csproj", "{86A647CF-78C5-4AC8-8F2C-0CB05AAE5690}"
EndProject
Project("{FAE04EC0-301F-11D3-BF4B-00C04F79EFBC}") = "Yuggenda.Application", "src\Yuggenda.Application\Yuggenda.Application.csproj", "{5BF98CB3-E3AA-40DC-9F1D-B0D64A88B9C6}"
EndProject
Project("{FAE04EC0-301F-11D3-BF4B-00C04F79EFBC}") = "Yuggenda.Domain", "src\Yuggenda.Domain\Yuggenda.Domain.csproj", "{280FCD8C-91C9-4BBA-BA3E-85159BCD268D}"
EndProject
Project("{FAE04EC0-301F-11D3-BF4B-00C04F79EFBC}") = "Yuggenda.Infrastructure", "src\Yuggenda.Infrastructure\Yuggenda.Infrastructure.csproj", "{3BF1BD99-4F99-4484-B7C9-B9D9406F46E5}"
EndProject
Project("{2150E333-8FDC-42A3-9474-1A3956D46DE8}") = "tests", "tests", "{0AB3BF05-4346-4AA6-1389-037BE0695223}"
EndProject
Project("{FAE04EC0-301F-11D3-BF4B-00C04F79EFBC}") = "Yuggenda.UnitTests", "tests\Yuggenda.UnitTests\Yuggenda.UnitTests.csproj", "{13FE0A8B-D18A-43A3-882B-21D4D359676F}"
EndProject
Project("{FAE04EC0-301F-11D3-BF4B-00C04F79EFBC}") = "Yuggenda.IntegrationTests", "tests\Yuggenda.IntegrationTests\Yuggenda.IntegrationTests.csproj", "{15D39C78-57F2-4E82-A594-6F3477879A92}"
EndProject
Global
	GlobalSection(SolutionConfigurationPlatforms) = preSolution
		Debug|Any CPU = Debug|Any CPU
		Debug|x64 = Debug|x64
		Debug|x86 = Debug|x86
		Release|Any CPU = Release|Any CPU
		Release|x64 = Release|x64
		Release|x86 = Release|x86
	EndGlobalSection
	GlobalSection(ProjectConfigurationPlatforms) = postSolution
		{86A647CF-78C5-4AC8-8F2C-0CB05AAE5690}.Debug|Any CPU.ActiveCfg = Debug|Any CPU
		{86A647CF-78C5-4AC8-8F2C-0CB05AAE5690}.Debug|Any CPU.Build.0 = Debug|Any CPU
		{86A647CF-78C5-4AC8-8F2C-0CB05AAE5690}.Debug|x64.ActiveCfg = Debug|Any CPU
		{86A647CF-78C5-4AC8-8F2C-0CB05AAE5690}.Debug|x64.Build.0 = Debug|Any CPU
		{86A647CF-78C5-4AC8-8F2C-0CB05AAE5690}.Debug|x86.ActiveCfg = Debug|Any CPU
		{86A647CF-78C5-4AC8-8F2C-0CB05AAE5690}.Debug|x86.Build.0 = Debug|Any CPU
		{86A647CF-78C5-4AC8-8F2C-0CB05AAE5690}.Release|Any CPU.ActiveCfg = Release|Any CPU
		{86A647CF-78C5-4AC8-8F2C-0CB05AAE5690}.Release|Any CPU.Build.0 = Release|Any CPU
		{86A647CF-78C5-4AC8-8F2C-0CB05AAE5690}.Release|x64.ActiveCfg = Release|Any CPU
		{86A647CF-78C5-4AC8-8F2C-0CB05AAE5690}.Release|x64.Build.0 = Release|Any CPU
		{86A647CF-78C5-4AC8-8F2C-0CB05AAE5690}.Release|x86.ActiveCfg = Release|Any CPU
		{86A647CF-78C5-4AC8-8F2C-0CB05AAE5690}.Release|x86.Build.0 = Release|Any CPU
		{5BF98CB3-E3AA-40DC-9F1D-B0D64A88B9C6}.Debug|Any CPU.ActiveCfg = Debug|Any CPU
		{5BF98CB3-E3AA-40DC-9F1D-B0D64A88B9C6}.Debug|Any CPU.Build.0 = Debug|Any CPU
		{5BF98CB3-E3AA-40DC-9F1D-B0D64A88B9C6}.Debug|x64.ActiveCfg = Debug|Any CPU
		{5BF98CB3-E3AA-40DC-9F1D-B0D64A88B9C6}.Debug|x64.Build.0 = Debug|Any CPU
		{5BF98CB3-E3AA-40DC-9F1D-B0D64A88B9C6}.Debug|x86.ActiveCfg = Debug|Any CPU
		{5BF98CB3-E3AA-40DC-9F1D-B0D64A88B9C6}.Debug|x86.Build.0 = Debug|Any CPU
		{5BF98CB3-E3AA-40DC-9F1D-B0D64A88B9C6}.Release|Any CPU.ActiveCfg = Release|Any CPU
		{5BF98CB3-E3AA-40DC-9F1D-B0D64A88B9C6}.Release|Any CPU.Build.0 = Release|Any CPU
		{5BF98CB3-E3AA-40DC-9F1D-B0D64A88B9C6}.Release|x64.ActiveCfg = Release|Any CPU
		{5BF98CB3-E3AA-40DC-9F1D-B0D64A88B9C6}.Release|x64.Build.0 = Release|Any CPU
		{5BF98CB3-E3AA-40DC-9F1D-B0D64A88B9C6}.Release|x86.ActiveCfg = Release|Any CPU
		{5BF98CB3-E3AA-40DC-9F1D-B0D64A88B9C6}.Release|x86.Build.0 = Release|Any CPU
		{280FCD8C-91C9-4BBA-BA3E-85159BCD268D}.Debug|Any CPU.ActiveCfg = Debug|Any CPU
		{280FCD8C-91C9-4BBA-BA3E-85159BCD268D}.Debug|Any CPU.Build.0 = Debug|Any CPU
		{280FCD8C-91C9-4BBA-BA3E-85159BCD268D}.Debug|x64.ActiveCfg = Debug|Any CPU
		{280FCD8C-91C9-4BBA-BA3E-85159BCD268D}.Debug|x64.Build.0 = Debug|Any CPU
		{280FCD8C-91C9-4BBA-BA3E-85159BCD268D}.Debug|x86.ActiveCfg = Debug|Any CPU
		{280FCD8C-91C9-4BBA-BA3E-85159BCD268D}.Debug|x86.Build.0 = Debug|Any CPU
		{280FCD8C-91C9-4BBA-BA3E-85159BCD268D}.Release|Any CPU.ActiveCfg = Release|Any CPU
		{280FCD8C-91C9-4BBA-BA3E-85159BCD268D}.Release|Any CPU.Build.0 = Release|Any CPU
		{280FCD8C-91C9-4BBA-BA3E-85159BCD268D}.Release|x64.ActiveCfg = Release|Any CPU
		{280FCD8C-91C9-4BBA-BA3E-85159BCD268D}.Release|x64.Build.0 = Release|Any CPU
		{280FCD8C-91C9-4BBA-BA3E-85159BCD268D}.Release|x86.ActiveCfg = Release|Any CPU
		{280FCD8C-91C9-4BBA-BA3E-85159BCD268D}.Release|x86.Build.0 = Release|Any CPU
		{3BF1BD99-4F99-4484-B7C9-B9D9406F46E5}.Debug|Any CPU.ActiveCfg = Debug|Any CPU
		{3BF1BD99-4F99-4484-B7C9-B9D9406F46E5}.Debug|Any CPU.Build.0 = Debug|Any CPU
		{3BF1BD99-4F99-4484-B7C9-B9D9406F46E5}.Debug|x64.ActiveCfg = Debug|Any CPU
		{3BF1BD99-4F99-4484-B7C9-B9D9406F46E5}.Debug|x64.Build.0 = Debug|Any CPU
		{3BF1BD99-4F99-4484-B7C9-B9D9406F46E5}.Debug|x86.ActiveCfg = Debug|Any CPU
		{3BF1BD99-4F99-4484-B7C9-B9D9406F46E5}.Debug|x86.Build.0 = Debug|Any CPU
		{3BF1BD99-4F99-4484-B7C9-B9D9406F46E5}.Release|Any CPU.ActiveCfg = Release|Any CPU
		{3BF1BD99-4F99-4484-B7C9-B9D9406F46E5}.Release|Any CPU.Build.0 = Release|Any CPU
		{3BF1BD99-4F99-4484-B7C9-B9D9406F46E5}.Release|x64.ActiveCfg = Release|Any CPU
		{3BF1BD99-4F99-4484-B7C9-B9D9406F46E5}.Release|x64.Build.0 = Release|Any CPU
		{3BF1BD99-4F99-4484-B7C9-B9D9406F46E5}.Release|x86.ActiveCfg = Release|Any CPU
		{3BF1BD99-4F99-4484-B7C9-B9D9406F46E5}.Release|x86.Build.0 = Release|Any CPU
		{13FE0A8B-D18A-43A3-882B-21D4D359676F}.Debug|Any CPU.ActiveCfg = Debug|Any CPU
		{13FE0A8B-D18A-43A3-882B-21D4D359676F}.Debug|Any CPU.Build.0 = Debug|Any CPU
		{13FE0A8B-D18A-43A3-882B-21D4D359676F}.Debug|x64.ActiveCfg = Debug|Any CPU
		{13FE0A8B-D18A-43A3-882B-21D4D359676F}.Debug|x64.Build.0 = Debug|Any CPU
		{13FE0A8B-D18A-43A3-882B-21D4D359676F}.Debug|x86.ActiveCfg = Debug|Any CPU
		{13FE0A8B-D18A-43A3-882B-21D4D359676F}.Debug|x86.Build.0 = Debug|Any CPU
		{13FE0A8B-D18A-43A3-882B-21D4D359676F}.Release|Any CPU.ActiveCfg = Release|Any CPU
		{13FE0A8B-D18A-43A3-882B-21D4D359676F}.Release|Any CPU.Build.0 = Release|Any CPU
		{13FE0A8B-D18A-43A3-882B-21D4D359676F}.Release|x64.ActiveCfg = Release|Any CPU
		{13FE0A8B-D18A-43A3-882B-21D4D359676F}.Release|x64.Build.0 = Release|Any CPU
		{13FE0A8B-D18A-43A3-882B-21D4D359676F}.Release|x86.ActiveCfg = Release|Any CPU
		{13FE0A8B-D18A-43A3-882B-21D4D359676F}.Release|x86.Build.0 = Release|Any CPU
		{15D39C78-57F2-4E82-A594-6F3477879A92}.Debug|Any CPU.ActiveCfg = Debug|Any CPU
		{15D39C78-57F2-4E82-A594-6F3477879A92}.Debug|Any CPU.Build.0 = Debug|Any CPU
		{15D39C78-57F2-4E82-A594-6F3477879A92}.Debug|x64.ActiveCfg = Debug|Any CPU
		{15D39C78-57F2-4E82-A594-6F3477879A92}.Debug|x64.Build.0 = Debug|Any CPU
		{15D39C78-57F2-4E82-A594-6F3477879A92}.Debug|x86.ActiveCfg = Debug|Any CPU
		{15D39C78-57F2-4E82-A594-6F3477879A92}.Debug|x86.Build.0 = Debug|Any CPU
		{15D39C78-57F2-4E82-A594-6F3477879A92}.Release|Any CPU.ActiveCfg = Release|Any CPU
		{15D39C78-57F2-4E82-A594-6F3477879A92}.Release|Any CPU.Build.0 = Release|Any CPU
		{15D39C78-57F2-4E82-A594-6F3477879A92}.Release|x64.ActiveCfg = Release|Any CPU
		{15D39C78-57F2-4E82-A594-6F3477879A92}.Release|x64.Build.0 = Release|Any CPU
		{15D39C78-57F2-4E82-A594-6F3477879A92}.Release|x86.ActiveCfg = Release|Any CPU
		{15D39C78-57F2-4E82-A594-6F3477879A92}.Release|x86.Build.0 = Release|Any CPU
	EndGlobalSection
	GlobalSection(SolutionProperties) = preSolution
		HideSolutionNode = FALSE
	EndGlobalSection
	GlobalSection(NestedProjects) = preSolution
		{86A647CF-78C5-4AC8-8F2C-0CB05AAE5690} = {827E0CD3-B72D-47B6-A68D-7590B98EB39B}
		{5BF98CB3-E3AA-40DC-9F1D-B0D64A88B9C6} = {827E0CD3-B72D-47B6-A68D-7590B98EB39B}
		{280FCD8C-91C9-4BBA-BA3E-85159BCD268D} = {827E0CD3-B72D-47B6-A68D-7590B98EB39B}
		{3BF1BD99-4F99-4484-B7C9-B9D9406F46E5} = {827E0CD3-B72D-47B6-A68D-7590B98EB39B}
		{13FE0A8B-D18A-43A3-882B-21D4D359676F} = {0AB3BF05-4346-4AA6-1389-037BE0695223}
		{15D39C78-57F2-4E82-A594-6F3477879A92} = {0AB3BF05-4346-4AA6-1389-037BE0695223}
	EndGlobalSection
EndGlobal
